speakeasyVersion: 1.422.1
sources:
    my-source:
        sourceNamespace: my-source
        sourceRevisionDigest: sha256:39ae04c9b0d5728b117d267966702dbf45b317cbe2fdd8d59c25561a5c03484b
        sourceBlobDigest: sha256:983960b6ecce35b4c545e5d1129506d864a1e60f367893d0723cc775ef2c15b1
        tags:
            - latest
            - main
targets:
    live.ding.dingsdk:
        source: my-source
        sourceNamespace: my-source
        sourceRevisionDigest: sha256:39ae04c9b0d5728b117d267966702dbf45b317cbe2fdd8d59c25561a5c03484b
        sourceBlobDigest: sha256:983960b6ecce35b4c545e5d1129506d864a1e60f367893d0723cc775ef2c15b1
        codeSamplesNamespace: my-source-code-samples
        codeSamplesRevisionDigest: sha256:2467e7711fde8ec0b5a2136374e0af81826c0f2183cc2b82cf7fa0cf55086797
workflow:
    workflowVersion: 1.0.0
    speakeasyVersion: latest
    sources:
        my-source:
            inputs:
                - location: https://raw.githubusercontent.com/ding-live/openapi/main/ding.yaml
            registry:
                location: registry.speakeasyapi.dev/ding/ding/my-source
    targets:
        live.ding.dingsdk:
            target: java
            source: my-source
            publish:
                java:
                    ossrhUsername: f1b6diLi
                    ossrhPassword: $ossrh_password
                    gpgSecretKey: $java_gpg_secret_key
                    gpgPassPhrase: $java_gpg_passphrase
            codeSamples:
                registry:
                    location: registry.speakeasyapi.dev/ding/ding/my-source-code-samples
                blocking: false
